// !$*UTF8*$!
{
	archiveVersion = 1;
	classes = {
	};
	objectVersion = 46;
	objects = {

/* Begin PBXBuildFile section */
		F2CCFA491DA285E400177292 /* main.m in Sources */ = {isa = PBXBuildFile; fileRef = F2CCFA481DA285E400177292 /* main.m */; };
		F2CCFA4C1DA285E400177292 /* AppDelegate.m in Sources */ = {isa = PBXBuildFile; fileRef = F2CCFA4B1DA285E400177292 /* AppDelegate.m */; };
		F2CCFA4F1DA285E400177292 /* ViewController.m in Sources */ = {isa = PBXBuildFile; fileRef = F2CCFA4E1DA285E400177292 /* ViewController.m */; };
		F2CCFA521DA285E400177292 /* Main.storyboard in Resources */ = {isa = PBXBuildFile; fileRef = F2CCFA501DA285E400177292 /* Main.storyboard */; };
		F2CCFA541DA285E400177292 /* Assets.xcassets in Resources */ = {isa = PBXBuildFile; fileRef = F2CCFA531DA285E400177292 /* Assets.xcassets */; };
		F2CCFA571DA285E400177292 /* LaunchScreen.storyboard in Resources */ = {isa = PBXBuildFile; fileRef = F2CCFA551DA285E400177292 /* LaunchScreen.storyboard */; };
		F2CCFA611DA2BD1400177292 /* HLNetworkManager.m in Sources */ = {isa = PBXBuildFile; fileRef = F2CCFA601DA2BD1400177292 /* HLNetworkManager.m */; };
		F2CCFA651DA2C54F00177292 /* HLNewsModel.m in Sources */ = {isa = PBXBuildFile; fileRef = F2CCFA641DA2C54F00177292 /* HLNewsModel.m */; };
		F2CCFA691DA2C80300177292 /* NSObject+HLRuntime.m in Sources */ = {isa = PBXBuildFile; fileRef = F2CCFA681DA2C80300177292 /* NSObject+HLRuntime.m */; };
		F2CCFA861DA3810900177292 /* NSArray+CZAddition.m in Sources */ = {isa = PBXBuildFile; fileRef = F2CCFA6D1DA3810900177292 /* NSArray+CZAddition.m */; };
		F2CCFA871DA3810900177292 /* NSArray+Log.m in Sources */ = {isa = PBXBuildFile; fileRef = F2CCFA6F1DA3810900177292 /* NSArray+Log.m */; };
		F2CCFA881DA3810900177292 /* NSAttributedString+CZAdditon.m in Sources */ = {isa = PBXBuildFile; fileRef = F2CCFA711DA3810900177292 /* NSAttributedString+CZAdditon.m */; };
		F2CCFA891DA3810900177292 /* NSObject+CZAddition.m in Sources */ = {isa = PBXBuildFile; fileRef = F2CCFA731DA3810900177292 /* NSObject+CZAddition.m */; };
		F2CCFA8A1DA3810900177292 /* NSString+CZBase64.m in Sources */ = {isa = PBXBuildFile; fileRef = F2CCFA751DA3810900177292 /* NSString+CZBase64.m */; };
		F2CCFA8B1DA3810900177292 /* NSString+CZHash.m in Sources */ = {isa = PBXBuildFile; fileRef = F2CCFA771DA3810900177292 /* NSString+CZHash.m */; };
		F2CCFA8C1DA3810900177292 /* NSString+CZPath.m in Sources */ = {isa = PBXBuildFile; fileRef = F2CCFA791DA3810900177292 /* NSString+CZPath.m */; };
		F2CCFA8D1DA3810900177292 /* UIButton+CZAddition.m in Sources */ = {isa = PBXBuildFile; fileRef = F2CCFA7B1DA3810900177292 /* UIButton+CZAddition.m */; };
		F2CCFA8E1DA3810900177292 /* UIColor+CZAddition.m in Sources */ = {isa = PBXBuildFile; fileRef = F2CCFA7D1DA3810900177292 /* UIColor+CZAddition.m */; };
		F2CCFA8F1DA3810900177292 /* UILabel+CZAddition.m in Sources */ = {isa = PBXBuildFile; fileRef = F2CCFA7F1DA3810900177292 /* UILabel+CZAddition.m */; };
		F2CCFA901DA3810900177292 /* UIScreen+CZAddition.m in Sources */ = {isa = PBXBuildFile; fileRef = F2CCFA811DA3810900177292 /* UIScreen+CZAddition.m */; };
		F2CCFA911DA3810900177292 /* UIView+CZAddition.m in Sources */ = {isa = PBXBuildFile; fileRef = F2CCFA831DA3810900177292 /* UIView+CZAddition.m */; };
		F2CCFA921DA3810900177292 /* UIViewController+CZAddition.m in Sources */ = {isa = PBXBuildFile; fileRef = F2CCFA851DA3810900177292 /* UIViewController+CZAddition.m */; };
		F86B22318AF35945EE32A4BB /* libPods-AFNetworkingDemo001.a in Frameworks */ = {isa = PBXBuildFile; fileRef = 774156A79445EE3CCC68C949 /* libPods-AFNetworkingDemo001.a */; };
/* End PBXBuildFile section */

/* Begin PBXFileReference section */
		4B4C60AD1ECAE3DD900E77E2 /* Pods-AFNetworkingDemo001.release.xcconfig */ = {isa = PBXFileReference; includeInIndex = 1; lastKnownFileType = text.xcconfig; name = "Pods-AFNetworkingDemo001.release.xcconfig"; path = "Pods/Target Support Files/Pods-AFNetworkingDemo001/Pods-AFNetworkingDemo001.release.xcconfig"; sourceTree = "<group>"; };
		774156A79445EE3CCC68C949 /* libPods-AFNetworkingDemo001.a */ = {isa = PBXFileReference; explicitFileType = archive.ar; includeInIndex = 0; path = "libPods-AFNetworkingDemo001.a"; sourceTree = BUILT_PRODUCTS_DIR; };
		E11560EED5519A08784E4609 /* Pods-AFNetworkingDemo001.debug.xcconfig */ = {isa = PBXFileReference; includeInIndex = 1; lastKnownFileType = text.xcconfig; name = "Pods-AFNetworkingDemo001.debug.xcconfig"; path = "Pods/Target Support Files/Pods-AFNetworkingDemo001/Pods-AFNetworkingDemo001.debug.xcconfig"; sourceTree = "<group>"; };
		F2CCFA441DA285E400177292 /* AFNetworkingDemo001.app */ = {isa = PBXFileReference; explicitFileType = wrapper.application; includeInIndex = 0; path = AFNetworkingDemo001.app; sourceTree = BUILT_PRODUCTS_DIR; };
		F2CCFA481DA285E400177292 /* main.m */ = {isa = PBXFileReference; lastKnownFileType = sourcecode.c.objc; path = main.m; sourceTree = "<group>"; };
		F2CCFA4A1DA285E400177292 /* AppDelegate.h */ = {isa = PBXFileReference; lastKnownFileType = sourcecode.c.h; path = AppDelegate.h; sourceTree = "<group>"; };
		F2CCFA4B1DA285E400177292 /* AppDelegate.m */ = {isa = PBXFileReference; lastKnownFileType = sourcecode.c.objc; path = AppDelegate.m; sourceTree = "<group>"; };
		F2CCFA4D1DA285E400177292 /* ViewController.h */ = {isa = PBXFileReference; lastKnownFileType = sourcecode.c.h; path = ViewController.h; sourceTree = "<group>"; };
		F2CCFA4E1DA285E400177292 /* ViewController.m */ = {isa = PBXFileReference; lastKnownFileType = sourcecode.c.objc; path = ViewController.m; sourceTree = "<group>"; };
		F2CCFA511DA285E400177292 /* Base */ = {isa = PBXFileReference; lastKnownFileType = file.storyboard; name = Base; path = Base.lproj/Main.storyboard; sourceTree = "<group>"; };
		F2CCFA531DA285E400177292 /* Assets.xcassets */ = {isa = PBXFileReference; lastKnownFileType = folder.assetcatalog; path = Assets.xcassets; sourceTree = "<group>"; };
		F2CCFA561DA285E400177292 /* Base */ = {isa = PBXFileReference; lastKnownFileType = file.storyboard; name = Base; path = Base.lproj/LaunchScreen.storyboard; sourceTree = "<group>"; };
		F2CCFA581DA285E400177292 /* Info.plist */ = {isa = PBXFileReference; lastKnownFileType = text.plist.xml; path = Info.plist; sourceTree = "<group>"; };
		F2CCFA5F1DA2BD1400177292 /* HLNetworkManager.h */ = {isa = PBXFileReference; fileEncoding = 4; lastKnownFileType = sourcecode.c.h; path = HLNetworkManager.h; sourceTree = "<group>"; };
		F2CCFA601DA2BD1400177292 /* HLNetworkManager.m */ = {isa = PBXFileReference; fileEncoding = 4; lastKnownFileType = sourcecode.c.objc; path = HLNetworkManager.m; sourceTree = "<group>"; };
		F2CCFA631DA2C54F00177292 /* HLNewsModel.h */ = {isa = PBXFileReference; fileEncoding = 4; lastKnownFileType = sourcecode.c.h; path = HLNewsModel.h; sourceTree = "<group>"; };
		F2CCFA641DA2C54F00177292 /* HLNewsModel.m */ = {isa = PBXFileReference; fileEncoding = 4; lastKnownFileType = sourcecode.c.objc; path = HLNewsModel.m; sourceTree = "<group>"; };
		F2CCFA671DA2C80300177292 /* NSObject+HLRuntime.h */ = {isa = PBXFileReference; fileEncoding = 4; lastKnownFileType = sourcecode.c.h; path = "NSObject+HLRuntime.h"; sourceTree = "<group>"; };
		F2CCFA681DA2C80300177292 /* NSObject+HLRuntime.m */ = {isa = PBXFileReference; fileEncoding = 4; lastKnownFileType = sourcecode.c.objc; path = "NSObject+HLRuntime.m"; sourceTree = "<group>"; };
		F2CCFA6B1DA3810900177292 /* CZAdditions.h */ = {isa = PBXFileReference; fileEncoding = 4; lastKnownFileType = sourcecode.c.h; path = CZAdditions.h; sourceTree = "<group>"; };
		F2CCFA6C1DA3810900177292 /* NSArray+CZAddition.h */ = {isa = PBXFileReference; fileEncoding = 4; lastKnownFileType = sourcecode.c.h; path = "NSArray+CZAddition.h"; sourceTree = "<group>"; };
		F2CCFA6D1DA3810900177292 /* NSArray+CZAddition.m */ = {isa = PBXFileReference; fileEncoding = 4; lastKnownFileType = sourcecode.c.objc; path = "NSArray+CZAddition.m"; sourceTree = "<group>"; };
		F2CCFA6E1DA3810900177292 /* NSArray+Log.h */ = {isa = PBXFileReference; fileEncoding = 4; lastKnownFileType = sourcecode.c.h; path = "NSArray+Log.h"; sourceTree = "<group>"; };
		F2CCFA6F1DA3810900177292 /* NSArray+Log.m */ = {isa = PBXFileReference; fileEncoding = 4; lastKnownFileType = sourcecode.c.objc; path = "NSArray+Log.m"; sourceTree = "<group>"; };
		F2CCFA701DA3810900177292 /* NSAttributedString+CZAdditon.h */ = {isa = PBXFileReference; fileEncoding = 4; lastKnownFileType = sourcecode.c.h; path = "NSAttributedString+CZAdditon.h"; sourceTree = "<group>"; };
		F2CCFA711DA3810900177292 /* NSAttributedString+CZAdditon.m */ = {isa = PBXFileReference; fileEncoding = 4; lastKnownFileType = sourcecode.c.objc; path = "NSAttributedString+CZAdditon.m"; sourceTree = "<group>"; };
		F2CCFA721DA3810900177292 /* NSObject+CZAddition.h */ = {isa = PBXFileReference; fileEncoding = 4; lastKnownFileType = sourcecode.c.h; path = "NSObject+CZAddition.h"; sourceTree = "<group>"; };
		F2CCFA731DA3810900177292 /* NSObject+CZAddition.m */ = {isa = PBXFileReference; fileEncoding = 4; lastKnownFileType = sourcecode.c.objc; path = "NSObject+CZAddition.m"; sourceTree = "<group>"; };
		F2CCFA741DA3810900177292 /* NSString+CZBase64.h */ = {isa = PBXFileReference; fileEncoding = 4; lastKnownFileType = sourcecode.c.h; path = "NSString+CZBase64.h"; sourceTree = "<group>"; };
		F2CCFA751DA3810900177292 /* NSString+CZBase64.m */ = {isa = PBXFileReference; fileEncoding = 4; lastKnownFileType = sourcecode.c.objc; path = "NSString+CZBase64.m"; sourceTree = "<group>"; };
		F2CCFA761DA3810900177292 /* NSString+CZHash.h */ = {isa = PBXFileReference; fileEncoding = 4; lastKnownFileType = sourcecode.c.h; path = "NSString+CZHash.h"; sourceTree = "<group>"; };
		F2CCFA771DA3810900177292 /* NSString+CZHash.m */ = {isa = PBXFileReference; fileEncoding = 4; lastKnownFileType = sourcecode.c.objc; path = "NSString+CZHash.m"; sourceTree = "<group>"; };
		F2CCFA781DA3810900177292 /* NSString+CZPath.h */ = {isa = PBXFileReference; fileEncoding = 4; lastKnownFileType = sourcecode.c.h; path = "NSString+CZPath.h"; sourceTree = "<group>"; };
		F2CCFA791DA3810900177292 /* NSString+CZPath.m */ = {isa = PBXFileReference; fileEncoding = 4; lastKnownFileType = sourcecode.c.objc; path = "NSString+CZPath.m"; sourceTree = "<group>"; };
		F2CCFA7A1DA3810900177292 /* UIButton+CZAddition.h */ = {isa = PBXFileReference; fileEncoding = 4; lastKnownFileType = sourcecode.c.h; path = "UIButton+CZAddition.h"; sourceTree = "<group>"; };
		F2CCFA7B1DA3810900177292 /* UIButton+CZAddition.m */ = {isa = PBXFileReference; fileEncoding = 4; lastKnownFileType = sourcecode.c.objc; path = "UIButton+CZAddition.m"; sourceTree = "<group>"; };
		F2CCFA7C1DA3810900177292 /* UIColor+CZAddition.h */ = {isa = PBXFileReference; fileEncoding = 4; lastKnownFileType = sourcecode.c.h; path = "UIColor+CZAddition.h"; sourceTree = "<group>"; };
		F2CCFA7D1DA3810900177292 /* UIColor+CZAddition.m */ = {isa = PBXFileReference; fileEncoding = 4; lastKnownFileType = sourcecode.c.objc; path = "UIColor+CZAddition.m"; sourceTree = "<group>"; };
		F2CCFA7E1DA3810900177292 /* UILabel+CZAddition.h */ = {isa = PBXFileReference; fileEncoding = 4; lastKnownFileType = sourcecode.c.h; path = "UILabel+CZAddition.h"; sourceTree = "<group>"; };
		F2CCFA7F1DA3810900177292 /* UILabel+CZAddition.m */ = {isa = PBXFileReference; fileEncoding = 4; lastKnownFileType = sourcecode.c.objc; path = "UILabel+CZAddition.m"; sourceTree = "<group>"; };
		F2CCFA801DA3810900177292 /* UIScreen+CZAddition.h */ = {isa = PBXFileReference; fileEncoding = 4; lastKnownFileType = sourcecode.c.h; path = "UIScreen+CZAddition.h"; sourceTree = "<group>"; };
		F2CCFA811DA3810900177292 /* UIScreen+CZAddition.m */ = {isa = PBXFileReference; fileEncoding = 4; lastKnownFileType = sourcecode.c.objc; path = "UIScreen+CZAddition.m"; sourceTree = "<group>"; };
		F2CCFA821DA3810900177292 /* UIView+CZAddition.h */ = {isa = PBXFileReference; fileEncoding = 4; lastKnownFileType = sourcecode.c.h; path = "UIView+CZAddition.h"; sourceTree = "<group>"; };
		F2CCFA831DA3810900177292 /* UIView+CZAddition.m */ = {isa = PBXFileReference; fileEncoding = 4; lastKnownFileType = sourcecode.c.objc; path = "UIView+CZAddition.m"; sourceTree = "<group>"; };
		F2CCFA841DA3810900177292 /* UIViewController+CZAddition.h */ = {isa = PBXFileReference; fileEncoding = 4; lastKnownFileType = sourcecode.c.h; path = "UIViewController+CZAddition.h"; sourceTree = "<group>"; };
		F2CCFA851DA3810900177292 /* UIViewController+CZAddition.m */ = {isa = PBXFileReference; fileEncoding = 4; lastKnownFileType = sourcecode.c.objc; path = "UIViewController+CZAddition.m"; sourceTree = "<group>"; };
/* End PBXFileReference section */

/* Begin PBXFrameworksBuildPhase section */
		F2CCFA411DA285E400177292 /* Frameworks */ = {
			isa = PBXFrameworksBuildPhase;
			buildActionMask = 2147483647;
			files = (
				F86B22318AF35945EE32A4BB /* libPods-AFNetworkingDemo001.a in Frameworks */,
			);
			runOnlyForDeploymentPostprocessing = 0;
		};
/* End PBXFrameworksBuildPhase section */

/* Begin PBXGroup section */
		179CDB017B03AEE517718845 /* Pods */ = {
			isa = PBXGroup;
			children = (
				E11560EED5519A08784E4609 /* Pods-AFNetworkingDemo001.debug.xcconfig */,
				4B4C60AD1ECAE3DD900E77E2 /* Pods-AFNetworkingDemo001.release.xcconfig */,
			);
			name = Pods;
			sourceTree = "<group>";
		};
		E8F42F86DF1CE7D4371C9517 /* Frameworks */ = {
			isa = PBXGroup;
			children = (
				774156A79445EE3CCC68C949 /* libPods-AFNetworkingDemo001.a */,
			);
			name = Frameworks;
			sourceTree = "<group>";
		};
		F2CCFA3B1DA285E400177292 = {
			isa = PBXGroup;
			children = (
				F2CCFA461DA285E400177292 /* AFNetworkingDemo001 */,
				F2CCFA451DA285E400177292 /* Products */,
				179CDB017B03AEE517718845 /* Pods */,
				E8F42F86DF1CE7D4371C9517 /* Frameworks */,
			);
			sourceTree = "<group>";
		};
		F2CCFA451DA285E400177292 /* Products */ = {
			isa = PBXGroup;
			children = (
				F2CCFA441DA285E400177292 /* AFNetworkingDemo001.app */,
			);
			name = Products;
			sourceTree = "<group>";
		};
		F2CCFA461DA285E400177292 /* AFNetworkingDemo001 */ = {
			isa = PBXGroup;
			children = (
				F2CCFA6A1DA3810900177292 /* Additions */,
				F2CCFA4A1DA285E400177292 /* AppDelegate.h */,
				F2CCFA4B1DA285E400177292 /* AppDelegate.m */,
				F2CCFA4D1DA285E400177292 /* ViewController.h */,
				F2CCFA4E1DA285E400177292 /* ViewController.m */,
				F2CCFA661DA2C7E200177292 /* Category */,
				F2CCFA621DA2C51900177292 /* Model */,
				F2CCFA5E1DA2BBF000177292 /* NetworkManager */,
				F2CCFA501DA285E400177292 /* Main.storyboard */,
				F2CCFA531DA285E400177292 /* Assets.xcassets */,
				F2CCFA551DA285E400177292 /* LaunchScreen.storyboard */,
				F2CCFA581DA285E400177292 /* Info.plist */,
				F2CCFA471DA285E400177292 /* Supporting Files */,
			);
			path = AFNetworkingDemo001;
			sourceTree = "<group>";
		};
		F2CCFA471DA285E400177292 /* Supporting Files */ = {
			isa = PBXGroup;
			children = (
				F2CCFA481DA285E400177292 /* main.m */,
			);
			name = "Supporting Files";
			sourceTree = "<group>";
		};
		F2CCFA5E1DA2BBF000177292 /* NetworkManager */ = {
			isa = PBXGroup;
			children = (
				F2CCFA5F1DA2BD1400177292 /* HLNetworkManager.h */,
				F2CCFA601DA2BD1400177292 /* HLNetworkManager.m */,
			);
			path = NetworkManager;
			sourceTree = "<group>";
		};
		F2CCFA621DA2C51900177292 /* Model */ = {
			isa = PBXGroup;
			children = (
				F2CCFA631DA2C54F00177292 /* HLNewsModel.h */,
				F2CCFA641DA2C54F00177292 /* HLNewsModel.m */,
			);
			path = Model;
			sourceTree = "<group>";
		};
		F2CCFA661DA2C7E200177292 /* Category */ = {
			isa = PBXGroup;
			children = (
				F2CCFA671DA2C80300177292 /* NSObject+HLRuntime.h */,
				F2CCFA681DA2C80300177292 /* NSObject+HLRuntime.m */,
			);
			path = Category;
			sourceTree = "<group>";
		};
		F2CCFA6A1DA3810900177292 /* Additions */ = {
			isa = PBXGroup;
			children = (
				F2CCFA6B1DA3810900177292 /* CZAdditions.h */,
				F2CCFA6C1DA3810900177292 /* NSArray+CZAddition.h */,
				F2CCFA6D1DA3810900177292 /* NSArray+CZAddition.m */,
				F2CCFA6E1DA3810900177292 /* NSArray+Log.h */,
				F2CCFA6F1DA3810900177292 /* NSArray+Log.m */,
				F2CCFA701DA3810900177292 /* NSAttributedString+CZAdditon.h */,
				F2CCFA711DA3810900177292 /* NSAttributedString+CZAdditon.m */,
				F2CCFA721DA3810900177292 /* NSObject+CZAddition.h */,
				F2CCFA731DA3810900177292 /* NSObject+CZAddition.m */,
				F2CCFA741DA3810900177292 /* NSString+CZBase64.h */,
				F2CCFA751DA3810900177292 /* NSString+CZBase64.m */,
				F2CCFA761DA3810900177292 /* NSString+CZHash.h */,
				F2CCFA771DA3810900177292 /* NSString+CZHash.m */,
				F2CCFA781DA3810900177292 /* NSString+CZPath.h */,
				F2CCFA791DA3810900177292 /* NSString+CZPath.m */,
				F2CCFA7A1DA3810900177292 /* UIButton+CZAddition.h */,
				F2CCFA7B1DA3810900177292 /* UIButton+CZAddition.m */,
				F2CCFA7C1DA3810900177292 /* UIColor+CZAddition.h */,
				F2CCFA7D1DA3810900177292 /* UIColor+CZAddition.m */,
				F2CCFA7E1DA3810900177292 /* UILabel+CZAddition.h */,
				F2CCFA7F1DA3810900177292 /* UILabel+CZAddition.m */,
				F2CCFA801DA3810900177292 /* UIScreen+CZAddition.h */,
				F2CCFA811DA3810900177292 /* UIScreen+CZAddition.m */,
				F2CCFA821DA3810900177292 /* UIView+CZAddition.h */,
				F2CCFA831DA3810900177292 /* UIView+CZAddition.m */,
				F2CCFA841DA3810900177292 /* UIViewController+CZAddition.h */,
				F2CCFA851DA3810900177292 /* UIViewController+CZAddition.m */,
			);
			name = Additions;
			path = Category/Additions;
			sourceTree = "<group>";
		};
/* End PBXGroup section */

/* Begin PBXNativeTarget section */
		F2CCFA431DA285E400177292 /* AFNetworkingDemo001 */ = {
			isa = PBXNativeTarget;
			buildConfigurationList = F2CCFA5B1DA285E400177292 /* Build configuration list for PBXNativeTarget "AFNetworkingDemo001" */;
			buildPhases = (
				C54D50F73A9A2248D7AFB6AC /* [CP] Check Pods Manifest.lock */,
				F2CCFA401DA285E400177292 /* Sources */,
				F2CCFA411DA285E400177292 /* Frameworks */,
				F2CCFA421DA285E400177292 /* Resources */,
				5A8A197C35E064963CC31754 /* [CP] Embed Pods Frameworks */,
				39273BB8F3117700143DFF12 /* [CP] Copy Pods Resources */,
			);
			buildRules = (
			);
			dependencies = (
			);
			name = AFNetworkingDemo001;
			productName = AFNetworkingDemo001;
			productReference = F2CCFA441DA285E400177292 /* AFNetworkingDemo001.app */;
			productType = "com.apple.product-type.application";
		};
/* End PBXNativeTarget section */

/* Begin PBXProject section */
		F2CCFA3C1DA285E400177292 /* Project object */ = {
			isa = PBXProject;
			attributes = {
				CLASSPREFIX = HL;
				LastUpgradeCheck = 0800;
				ORGANIZATIONNAME = lhl;
				TargetAttributes = {
					F2CCFA431DA285E400177292 = {
						CreatedOnToolsVersion = 8.0;
						DevelopmentTeam = UTT4HQ4F3H;
						ProvisioningStyle = Automatic;
					};
				};
			};
			buildConfigurationList = F2CCFA3F1DA285E400177292 /* Build configuration list for PBXProject "AFNetworkingDemo001" */;
			compatibilityVersion = "Xcode 3.2";
			developmentRegion = English;
			hasScannedForEncodings = 0;
			knownRegions = (
				en,
				Base,
			);
			mainGroup = F2CCFA3B1DA285E400177292;
			productRefGroup = F2CCFA451DA285E400177292 /* Products */;
			projectDirPath = "";
			projectRoot = "";
			targets = (
				F2CCFA431DA285E400177292 /* AFNetworkingDemo001 */,
			);
		};
/* End PBXProject section */

/* Begin PBXResourcesBuildPhase section */
		F2CCFA421DA285E400177292 /* Resources */ = {
			isa = PBXResourcesBuildPhase;
			buildActionMask = 2147483647;
			files = (
				F2CCFA571DA285E400177292 /* LaunchScreen.storyboard in Resources */,
				F2CCFA541DA285E400177292 /* Assets.xcassets in Resources */,
				F2CCFA521DA285E400177292 /* Main.storyboard in Resources */,
			);
			runOnlyForDeploymentPostprocessing = 0;
		};
/* End PBXResourcesBuildPhase section */

/* Begin PBXShellScriptBuildPhase section */
		39273BB8F3117700143DFF12 /* [CP] Copy Pods Resources */ = {
			isa = PBXShellScriptBuildPhase;
			buildActionMask = 2147483647;
			files = (
			);
			inputPaths = (
			);
			name = "[CP] Copy Pods Resources";
			outputPaths = (
			);
			runOnlyForDeploymentPostprocessing = 0;
			shellPath = /bin/sh;
			shellScript = "\"${SRCROOT}/Pods/Target Support Files/Pods-AFNetworkingDemo001/Pods-AFNetworkingDemo001-resources.sh\"\n";
			showEnvVarsInLog = 0;
		};
		5A8A197C35E064963CC31754 /* [CP] Embed Pods Frameworks */ = {
			isa = PBXShellScriptBuildPhase;
			buildActionMask = 2147483647;
			files = (
			);
			inputPaths = (
			);
			name = "[CP] Embed Pods Frameworks";
			outputPaths = (
			);
			runOnlyForDeploymentPostprocessing = 0;
			shellPath = /bin/sh;
			shellScript = "\"${SRCROOT}/Pods/Target Support Files/Pods-AFNetworkingDemo001/Pods-AFNetworkingDemo001-frameworks.sh\"\n";
			showEnvVarsInLog = 0;
		};
		C54D50F73A9A2248D7AFB6AC /* [CP] Check Pods Manifest.lock */ = {
			isa = PBXShellScriptBuildPhase;
			buildActionMask = 2147483647;
			files = (
			);
			inputPaths = (
			);
			name = "[CP] Check Pods Manifest.lock";
			outputPaths = (
			);
			runOnlyForDeploymentPostprocessing = 0;
			shellPath = /bin/sh;
			shellScript = "diff \"${PODS_ROOT}/../Podfile.lock\" \"${PODS_ROOT}/Manifest.lock\" > /dev/null\nif [[ $? != 0 ]] ; then\n    cat << EOM\nerror: The sandbox is not in sync with the Podfile.lock. Run 'pod install' or update your CocoaPods installation.\nEOM\n    exit 1\nfi\n";
			showEnvVarsInLog = 0;
		};
/* End PBXShellScriptBuildPhase section */

/* Begin PBXSourcesBuildPhase section */
		F2CCFA401DA285E400177292 /* Sources */ = {
			isa = PBXSourcesBuildPhase;
			buildActionMask = 2147483647;
			files = (
				F2CCFA691DA2C80300177292 /* NSObject+HLRuntime.m in Sources */,
				F2CCFA8F1DA3810900177292 /* UILabel+CZAddition.m in Sources */,
				F2CCFA8A1DA3810900177292 /* NSString+CZBase64.m in Sources */,
				F2CCFA4F1DA285E400177292 /* ViewController.m in Sources */,
				F2CCFA4C1DA285E400177292 /* AppDelegate.m in Sources */,
				F2CCFA8B1DA3810900177292 /* NSString+CZHash.m in Sources */,
				F2CCFA8E1DA3810900177292 /* UIColor+CZAddition.m in Sources */,
				F2CCFA611DA2BD1400177292 /* HLNetworkManager.m in Sources */,
				F2CCFA921DA3810900177292 /* UIViewController+CZAddition.m in Sources */,
				F2CCFA901DA3810900177292 /* UIScreen+CZAddition.m in Sources */,
				F2CCFA651DA2C54F00177292 /* HLNewsModel.m in Sources */,
				F2CCFA881DA3810900177292 /* NSAttributedString+CZAdditon.m in Sources */,
				F2CCFA8D1DA3810900177292 /* UIButton+CZAddition.m in Sources */,
				F2CCFA891DA3810900177292 /* NSObject+CZAddition.m in Sources */,
				F2CCFA871DA3810900177292 /* NSArray+Log.m in Sources */,
				F2CCFA861DA3810900177292 /* NSArray+CZAddition.m in Sources */,
				F2CCFA911DA3810900177292 /* UIView+CZAddition.m in Sources */,
				F2CCFA8C1DA3810900177292 /* NSString+CZPath.m in Sources */,
				F2CCFA491DA285E400177292 /* main.m in Sources */,
			);
			runOnlyForDeploymentPostprocessing = 0;
		};
/* End PBXSourcesBuildPhase section */

/* Begin PBXVariantGroup section */
		F2CCFA501DA285E400177292 /* Main.storyboard */ = {
			isa = PBXVariantGroup;
			children = (
				F2CCFA511DA285E400177292 /* Base */,
			);
			name = Main.storyboard;
			sourceTree = "<group>";
		};
		F2CCFA551DA285E400177292 /* LaunchScreen.storyboard */ = {
			isa = PBXVariantGroup;
			children = (
				F2CCFA561DA285E400177292 /* Base */,
			);
			name = LaunchScreen.storyboard;
			sourceTree = "<group>";
		};
/* End PBXVariantGroup section */

/* Begin XCBuildConfiguration section */
		F2CCFA591DA285E400177292 /* Debug */ = {
			isa = XCBuildConfiguration;
			buildSettings = {
				ALWAYS_SEARCH_USER_PATHS = NO;
				CLANG_ANALYZER_NONNULL = YES;
				CLANG_CXX_LANGUAGE_STANDARD = "gnu++0x";
				CLANG_CXX_LIBRARY = "libc++";
				CLANG_ENABLE_MODULES = YES;
				CLANG_ENABLE_OBJC_ARC = YES;
				CLANG_WARN_BOOL_CONVERSION = YES;
				CLANG_WARN_CONSTANT_CONVERSION = YES;
				CLANG_WARN_DIRECT_OBJC_ISA_USAGE = YES_ERROR;
				CLANG_WARN_DOCUMENTATION_COMMENTS = YES;
				CLANG_WARN_EMPTY_BODY = YES;
				CLANG_WARN_ENUM_CONVERSION = YES;
				CLANG_WARN_INFINITE_RECURSION = YES;
				CLANG_WARN_INT_CONVERSION = YES;
				CLANG_WARN_OBJC_ROOT_CLASS = YES_ERROR;
				CLANG_WARN_SUSPICIOUS_MOVES = YES;
				CLANG_WARN_UNREACHABLE_CODE = YES;
				CLANG_WARN__DUPLICATE_METHOD_MATCH = YES;
				"CODE_SIGN_IDENTITY[sdk=iphoneos*]" = "iPhone Developer";
				COPY_PHASE_STRIP = NO;
				DEBUG_INFORMATION_FORMAT = dwarf;
				ENABLE_STRICT_OBJC_MSGSEND = YES;
				ENABLE_TESTABILITY = YES;
				GCC_C_LANGUAGE_STANDARD = gnu99;
				GCC_DYNAMIC_NO_PIC = NO;
				GCC_NO_COMMON_BLOCKS = YES;
				GCC_OPTIMIZATION_LEVEL = 0;
				GCC_PREPROCESSOR_DEFINITIONS = (
					"DEBUG=1",
					"$(inherited)",
				);
				GCC_WARN_64_TO_32_BIT_CONVERSION = YES;
				GCC_WARN_ABOUT_RETURN_TYPE = YES_ERROR;
				GCC_WARN_UNDECLARED_SELECTOR = YES;
				GCC_WARN_UNINITIALIZED_AUTOS = YES_AGGRESSIVE;
				GCC_WARN_UNUSED_FUNCTION = YES;
				GCC_WARN_UNUSED_VARIABLE = YES;
				IPHONEOS_DEPLOYMENT_TARGET = 10.0;
				MTL_ENABLE_DEBUG_INFO = YES;
				ONLY_ACTIVE_ARCH = YES;
				SDKROOT = iphoneos;
				TARGETED_DEVICE_FAMILY = "1,2";
			};
			name = Debug;
		};
		F2CCFA5A1DA285E400177292 /* Release */ = {
			isa = XCBuildConfiguration;
			buildSettings = {
				ALWAYS_SEARCH_USER_PATHS = NO;
				CLANG_ANALYZER_NONNULL = YES;
				CLANG_CXX_LANGUAGE_STANDARD = "gnu++0x";
				CLANG_CXX_LIBRARY = "libc++";
				CLANG_ENABLE_MODULES = YES;
				CLANG_ENABLE_OBJC_ARC = YES;
				CLANG_WARN_BOOL_CONVERSION = YES;
				CLANG_WARN_CONSTANT_CONVERSION = YES;
				CLANG_WARN_DIRECT_OBJC_ISA_USAGE = YES_ERROR;
				CLANG_WARN_DOCUMENTATION_COMMENTS = YES;
				CLANG_WARN_EMPTY_BODY = YES;
				CLANG_WARN_ENUM_CONVERSION = YES;
				CLANG_WARN_INFINITE_RECURSION = YES;
				CLANG_WARN_INT_CONVERSION = YES;
				CLANG_WARN_OBJC_ROOT_CLASS = YES_ERROR;
				CLANG_WARN_SUSPICIOUS_MOVES = YES;
				CLANG_WARN_UNREACHABLE_CODE = YES;
				CLANG_WARN__DUPLICATE_METHOD_MATCH = YES;
				"CODE_SIGN_IDENTITY[sdk=iphoneos*]" = "iPhone Developer";
				COPY_PHASE_STRIP = NO;
				DEBUG_INFORMATION_FORMAT = "dwarf-with-dsym";
				ENABLE_NS_ASSERTIONS = NO;
				ENABLE_STRICT_OBJC_MSGSEND = YES;
				GCC_C_LANGUAGE_STANDARD = gnu99;
				GCC_NO_COMMON_BLOCKS = YES;
				GCC_WARN_64_TO_32_BIT_CONVERSION = YES;
				GCC_WARN_ABOUT_RETURN_TYPE = YES_ERROR;
				GCC_WARN_UNDECLARED_SELECTOR = YES;
				GCC_WARN_UNINITIALIZED_AUTOS = YES_AGGRESSIVE;
				GCC_WARN_UNUSED_FUNCTION = YES;
				GCC_WARN_UNUSED_VARIABLE = YES;
				IPHONEOS_DEPLOYMENT_TARGET = 10.0;
				MTL_ENABLE_DEBUG_INFO = NO;
				SDKROOT = iphoneos;
				TARGETED_DEVICE_FAMILY = "1,2";
				VALIDATE_PRODUCT = YES;
			};
			name = Release;
		};
		F2CCFA5C1DA285E400177292 /* Debug */ = {
			isa = XCBuildConfiguration;
			baseConfigurationReference = E11560EED5519A08784E4609 /* Pods-AFNetworkingDemo001.debug.xcconfig */;
			buildSettings = {
				ASSETCATALOG_COMPILER_APPICON_NAME = AppIcon;
				DEVELOPMENT_TEAM = UTT4HQ4F3H;
				INFOPLIST_FILE = AFNetworkingDemo001/Info.plist;
				LD_RUNPATH_SEARCH_PATHS = "$(inherited) @executable_path/Frameworks";
				PRODUCT_BUNDLE_IDENTIFIER = com.lhl.AFNetworkingDemo001;
				PRODUCT_NAME = "$(TARGET_NAME)";
			};
			name = Debug;
		};
		F2CCFA5D1DA285E400177292 /* Release */ = {
			isa = XCBuildConfiguration;
			baseConfigurationReference = 4B4C60AD1ECAE3DD900E77E2 /* Pods-AFNetworkingDemo001.release.xcconfig */;
			buildSettings = {
				ASSETCATALOG_COMPILER_APPICON_NAME = AppIcon;
				DEVELOPMENT_TEAM = UTT4HQ4F3H;
				INFOPLIST_FILE = AFNetworkingDemo001/Info.plist;
				LD_RUNPATH_SEARCH_PATHS = "$(inherited) @executable_path/Frameworks";
				PRODUCT_BUNDLE_IDENTIFIER = com.lhl.AFNetworkingDemo001;
				PRODUCT_NAME = "$(TARGET_NAME)";
			};
			name = Release;
		};
/* End XCBuildConfiguration section */

/* Begin XCConfigurationList section */
		F2CCFA3F1DA285E400177292 /* Build configuration list for PBXProject "AFNetworkingDemo001" */ = {
			isa = XCConfigurationList;
			buildConfigurations = (
				F2CCFA591DA285E400177292 /* Debug */,
				F2CCFA5A1DA285E400177292 /* Release */,
			);
			defaultConfigurationIsVisible = 0;
			defaultConfigurationName = Release;
		};
		F2CCFA5B1DA285E400177292 /* Build configuration list for PBXNativeTarget "AFNetworkingDemo001" */ = {
			isa = XCConfigurationList;
			buildConfigurations = (
				F2CCFA5C1DA285E400177292 /* Debug */,
				F2CCFA5D1DA285E400177292 /* Release */,
			);
			defaultConfigurationIsVisible = 0;
			defaultConfigurationName = Release;
		};
/* End XCConfigurationList section */
	};
	rootObject = F2CCFA3C1DA285E400177292 /* Project object */;
}
